
Microsoft Visual Studio Solution File, Format Version 12.00
# Visual Studio 15
VisualStudioVersion = 15.0.28307.572
MinimumVisualStudioVersion = 10.0.40219.1
Project("{FAE04EC0-301F-11D3-BF4B-00C04F79EFBC}") = "ABCs", "ABCs\ABCs.csproj", "{9803B76D-D504-4CBF-9C72-43B6B372BC59}"
EndProject
Global
	GlobalSection(SolutionConfigurationPlatforms) = preSolution
		Debug|Any CPU = Debug|Any CPU
		Release|Any CPU = Release|Any CPU
	EndGlobalSection
	GlobalSection(ProjectConfigurationPlatforms) = postSolution
		{9803B76D-D504-4CBF-9C72-43B6B372BC59}.Debug|Any CPU.ActiveCfg = Debug|Any CPU
		{9803B76D-D504-4CBF-9C72-43B6B372BC59}.Debug|Any CPU.Build.0 = Debug|Any CPU
		{9803B76D-D504-4CBF-9C72-43B6B372BC59}.Release|Any CPU.ActiveCfg = Release|Any CPU
		{9803B76D-D504-4CBF-9C72-43B6B372BC59}.Release|Any CPU.Build.0 = Release|Any CPU
	EndGlobalSection
	GlobalSection(SolutionProperties) = preSolution
		HideSolutionNode = FALSE
	EndGlobalSection
	GlobalSection(ExtensibilityGlobals) = postSolution
		SolutionGuid = {A6252E97-FC02-479C-AE29-43F672603EB6}
	EndGlobalSection
EndGlobal
